
Microsoft Visual Studio Solution File, Format Version 12.00
Project("{FAE04EC0-301F-11D3-BF4B-00C04F79EFBC}") = "Polimord4", "Polimord4\Polimord4.csproj", "{A24647AC-BCAF-4749-8A78-28E0CC0505ED}"
EndProject
Global
	GlobalSection(SolutionConfigurationPlatforms) = preSolution
		Debug|Any CPU = Debug|Any CPU
		Release|Any CPU = Release|Any CPU
	EndGlobalSection
	GlobalSection(ProjectConfigurationPlatforms) = postSolution
		{A24647AC-BCAF-4749-8A78-28E0CC0505ED}.Debug|Any CPU.ActiveCfg = Debug|Any CPU
		{A24647AC-BCAF-4749-8A78-28E0CC0505ED}.Debug|Any CPU.Build.0 = Debug|Any CPU
		{A24647AC-BCAF-4749-8A78-28E0CC0505ED}.Release|Any CPU.ActiveCfg = Release|Any CPU
		{A24647AC-BCAF-4749-8A78-28E0CC0505ED}.Release|Any CPU.Build.0 = Release|Any CPU
	EndGlobalSection
EndGlobal
